// !$*UTF8*$!
{
	archiveVersion = 1;
	classes = {
	};
	objectVersion = 56;
	objects = {

/* Begin PBXBuildFile section */
		7908342A2AFBA4EC002A1D34 /* RaitingView.swift in Sources */ = {isa = PBXBuildFile; fileRef = 790834292AFBA4EC002A1D34 /* RaitingView.swift */; };
		7908342D2AFBF342002A1D34 /* VisualEffectView.swift in Sources */ = {isa = PBXBuildFile; fileRef = 7908342C2AFBF342002A1D34 /* VisualEffectView.swift */; };
		7943B2EC2AE151E3001F367A /* YouTubePlayerKit in Frameworks */ = {isa = PBXBuildFile; productRef = 7943B2EB2AE151E3001F367A /* YouTubePlayerKit */; };
		7943B2EF2AE157A5001F367A /* Constans.swift in Sources */ = {isa = PBXBuildFile; fileRef = 7943B2EE2AE157A5001F367A /* Constans.swift */; };
		7943B2F22AE16A84001F367A /* Extensions+Double.swift in Sources */ = {isa = PBXBuildFile; fileRef = 7943B2F12AE16A84001F367A /* Extensions+Double.swift */; };
		799B329B2ADD704000710DE1 /* CinemaApp.swift in Sources */ = {isa = PBXBuildFile; fileRef = 799B329A2ADD704000710DE1 /* CinemaApp.swift */; };
		799B329D2ADD704000710DE1 /* UpcomingView.swift in Sources */ = {isa = PBXBuildFile; fileRef = 799B329C2ADD704000710DE1 /* UpcomingView.swift */; };
		799B329F2ADD704400710DE1 /* Assets.xcassets in Resources */ = {isa = PBXBuildFile; fileRef = 799B329E2ADD704400710DE1 /* Assets.xcassets */; };
		799B32A22ADD704400710DE1 /* Preview Assets.xcassets in Resources */ = {isa = PBXBuildFile; fileRef = 799B32A12ADD704400710DE1 /* Preview Assets.xcassets */; };
		799B32AB2ADE93B400710DE1 /* Cinema.swift in Sources */ = {isa = PBXBuildFile; fileRef = 799B32AA2ADE93B400710DE1 /* Cinema.swift */; };
		799B32AE2ADEBB6000710DE1 /* NetworkManager.swift in Sources */ = {isa = PBXBuildFile; fileRef = 799B32AD2ADEBB6000710DE1 /* NetworkManager.swift */; };
		799B32B22ADED6D800710DE1 /* UpcomingViewModel.swift in Sources */ = {isa = PBXBuildFile; fileRef = 799B32B12ADED6D800710DE1 /* UpcomingViewModel.swift */; };
		799B32B42ADFE94800710DE1 /* MovieDetailsView.swift in Sources */ = {isa = PBXBuildFile; fileRef = 799B32B32ADFE94800710DE1 /* MovieDetailsView.swift */; };
		799B32B72ADFEBB600710DE1 /* Kingfisher in Frameworks */ = {isa = PBXBuildFile; productRef = 799B32B62ADFEBB600710DE1 /* Kingfisher */; };
		799B32B92AE0024500710DE1 /* MovieDetailsViewModel.swift in Sources */ = {isa = PBXBuildFile; fileRef = 799B32B82AE0024500710DE1 /* MovieDetailsViewModel.swift */; };
		79F8AF122AE1793400302D64 /* Extensions+Date.swift in Sources */ = {isa = PBXBuildFile; fileRef = 79F8AF112AE1793400302D64 /* Extensions+Date.swift */; };
		79F8AF142AE17CD700302D64 /* Extentions+Time.swift in Sources */ = {isa = PBXBuildFile; fileRef = 79F8AF132AE17CD700302D64 /* Extentions+Time.swift */; };
		79F8AF1B2AE2BC1F00302D64 /* Actor.swift in Sources */ = {isa = PBXBuildFile; fileRef = 79F8AF1A2AE2BC1F00302D64 /* Actor.swift */; };
		79F8AF1E2AE2BCCB00302D64 /* ActorDetailsView.swift in Sources */ = {isa = PBXBuildFile; fileRef = 79F8AF1D2AE2BCCB00302D64 /* ActorDetailsView.swift */; };
		79F8AF202AE2BCE300302D64 /* ActorDetailsViewModel.swift in Sources */ = {isa = PBXBuildFile; fileRef = 79F8AF1F2AE2BCE300302D64 /* ActorDetailsViewModel.swift */; };
		79F8AF232AE6AB9D00302D64 /* HomeView.swift in Sources */ = {isa = PBXBuildFile; fileRef = 79F8AF222AE6AB9D00302D64 /* HomeView.swift */; };
		79F8AF252AE6AD2C00302D64 /* HomeViewModel.swift in Sources */ = {isa = PBXBuildFile; fileRef = 79F8AF242AE6AD2C00302D64 /* HomeViewModel.swift */; };
		79F8AF272AE939A000302D64 /* Colors.swift in Sources */ = {isa = PBXBuildFile; fileRef = 79F8AF262AE939A000302D64 /* Colors.swift */; };
		79F8AF2B2AEA9C1F00302D64 /* ImageView.swift in Sources */ = {isa = PBXBuildFile; fileRef = 79F8AF2A2AEA9C1F00302D64 /* ImageView.swift */; };
		79F8AF2E2AEFFB8D00302D64 /* CombineMoya in Frameworks */ = {isa = PBXBuildFile; productRef = 79F8AF2D2AEFFB8D00302D64 /* CombineMoya */; };
		79F8AF302AEFFB8D00302D64 /* Moya in Frameworks */ = {isa = PBXBuildFile; productRef = 79F8AF2F2AEFFB8D00302D64 /* Moya */; };
		79F8AF322AEFFB8D00302D64 /* ReactiveMoya in Frameworks */ = {isa = PBXBuildFile; productRef = 79F8AF312AEFFB8D00302D64 /* ReactiveMoya */; };
		79F8AF342AEFFB8D00302D64 /* RxMoya in Frameworks */ = {isa = PBXBuildFile; productRef = 79F8AF332AEFFB8D00302D64 /* RxMoya */; };
/* End PBXBuildFile section */

/* Begin PBXFileReference section */
		790834292AFBA4EC002A1D34 /* RaitingView.swift */ = {isa = PBXFileReference; lastKnownFileType = sourcecode.swift; path = RaitingView.swift; sourceTree = "<group>"; };
		7908342C2AFBF342002A1D34 /* VisualEffectView.swift */ = {isa = PBXFileReference; lastKnownFileType = sourcecode.swift; path = VisualEffectView.swift; sourceTree = "<group>"; };
		7943B2EE2AE157A5001F367A /* Constans.swift */ = {isa = PBXFileReference; lastKnownFileType = sourcecode.swift; path = Constans.swift; sourceTree = "<group>"; };
		7943B2F12AE16A84001F367A /* Extensions+Double.swift */ = {isa = PBXFileReference; lastKnownFileType = sourcecode.swift; path = "Extensions+Double.swift"; sourceTree = "<group>"; };
		799B32972ADD704000710DE1 /* Cinema.app */ = {isa = PBXFileReference; explicitFileType = wrapper.application; includeInIndex = 0; path = Cinema.app; sourceTree = BUILT_PRODUCTS_DIR; };
		799B329A2ADD704000710DE1 /* CinemaApp.swift */ = {isa = PBXFileReference; lastKnownFileType = sourcecode.swift; path = CinemaApp.swift; sourceTree = "<group>"; };
		799B329C2ADD704000710DE1 /* UpcomingView.swift */ = {isa = PBXFileReference; lastKnownFileType = sourcecode.swift; path = UpcomingView.swift; sourceTree = "<group>"; };
		799B329E2ADD704400710DE1 /* Assets.xcassets */ = {isa = PBXFileReference; lastKnownFileType = folder.assetcatalog; path = Assets.xcassets; sourceTree = "<group>"; };
		799B32A12ADD704400710DE1 /* Preview Assets.xcassets */ = {isa = PBXFileReference; lastKnownFileType = folder.assetcatalog; path = "Preview Assets.xcassets"; sourceTree = "<group>"; };
		799B32AA2ADE93B400710DE1 /* Cinema.swift */ = {isa = PBXFileReference; lastKnownFileType = sourcecode.swift; path = Cinema.swift; sourceTree = "<group>"; };
		799B32AD2ADEBB6000710DE1 /* NetworkManager.swift */ = {isa = PBXFileReference; lastKnownFileType = sourcecode.swift; path = NetworkManager.swift; sourceTree = "<group>"; };
		799B32B12ADED6D800710DE1 /* UpcomingViewModel.swift */ = {isa = PBXFileReference; lastKnownFileType = sourcecode.swift; path = UpcomingViewModel.swift; sourceTree = "<group>"; };
		799B32B32ADFE94800710DE1 /* MovieDetailsView.swift */ = {isa = PBXFileReference; lastKnownFileType = sourcecode.swift; path = MovieDetailsView.swift; sourceTree = "<group>"; };
		799B32B82AE0024500710DE1 /* MovieDetailsViewModel.swift */ = {isa = PBXFileReference; lastKnownFileType = sourcecode.swift; path = MovieDetailsViewModel.swift; sourceTree = "<group>"; };
		799B32BA2AE00A2E00710DE1 /* Info.plist */ = {isa = PBXFileReference; lastKnownFileType = text.plist; path = Info.plist; sourceTree = "<group>"; };
		79F8AF112AE1793400302D64 /* Extensions+Date.swift */ = {isa = PBXFileReference; lastKnownFileType = sourcecode.swift; path = "Extensions+Date.swift"; sourceTree = "<group>"; };
		79F8AF132AE17CD700302D64 /* Extentions+Time.swift */ = {isa = PBXFileReference; lastKnownFileType = sourcecode.swift; path = "Extentions+Time.swift"; sourceTree = "<group>"; };
		79F8AF1A2AE2BC1F00302D64 /* Actor.swift */ = {isa = PBXFileReference; lastKnownFileType = sourcecode.swift; path = Actor.swift; sourceTree = "<group>"; };
		79F8AF1D2AE2BCCB00302D64 /* ActorDetailsView.swift */ = {isa = PBXFileReference; lastKnownFileType = sourcecode.swift; path = ActorDetailsView.swift; sourceTree = "<group>"; };
		79F8AF1F2AE2BCE300302D64 /* ActorDetailsViewModel.swift */ = {isa = PBXFileReference; lastKnownFileType = sourcecode.swift; path = ActorDetailsViewModel.swift; sourceTree = "<group>"; };
		79F8AF222AE6AB9D00302D64 /* HomeView.swift */ = {isa = PBXFileReference; lastKnownFileType = sourcecode.swift; path = HomeView.swift; sourceTree = "<group>"; };
		79F8AF242AE6AD2C00302D64 /* HomeViewModel.swift */ = {isa = PBXFileReference; lastKnownFileType = sourcecode.swift; path = HomeViewModel.swift; sourceTree = "<group>"; };
		79F8AF262AE939A000302D64 /* Colors.swift */ = {isa = PBXFileReference; lastKnownFileType = sourcecode.swift; path = Colors.swift; sourceTree = "<group>"; };
		79F8AF2A2AEA9C1F00302D64 /* ImageView.swift */ = {isa = PBXFileReference; lastKnownFileType = sourcecode.swift; path = ImageView.swift; sourceTree = "<group>"; };
/* End PBXFileReference section */

/* Begin PBXFrameworksBuildPhase section */
		799B32942ADD704000710DE1 /* Frameworks */ = {
			isa = PBXFrameworksBuildPhase;
			buildActionMask = 2147483647;
			files = (
				79F8AF342AEFFB8D00302D64 /* RxMoya in Frameworks */,
				7943B2EC2AE151E3001F367A /* YouTubePlayerKit in Frameworks */,
				799B32B72ADFEBB600710DE1 /* Kingfisher in Frameworks */,
				79F8AF302AEFFB8D00302D64 /* Moya in Frameworks */,
				79F8AF322AEFFB8D00302D64 /* ReactiveMoya in Frameworks */,
				79F8AF2E2AEFFB8D00302D64 /* CombineMoya in Frameworks */,
			);
			runOnlyForDeploymentPostprocessing = 0;
		};
/* End PBXFrameworksBuildPhase section */

/* Begin PBXGroup section */
		7908342B2AFBF31F002A1D34 /* ViewRepresentable */ = {
			isa = PBXGroup;
			children = (
				7908342C2AFBF342002A1D34 /* VisualEffectView.swift */,
			);
			path = ViewRepresentable;
			sourceTree = "<group>";
		};
		7943B2ED2AE15785001F367A /* Constans */ = {
			isa = PBXGroup;
			children = (
				7943B2EE2AE157A5001F367A /* Constans.swift */,
			);
			path = Constans;
			sourceTree = "<group>";
		};
		7943B2F02AE16A46001F367A /* Extensions */ = {
			isa = PBXGroup;
			children = (
				7943B2F12AE16A84001F367A /* Extensions+Double.swift */,
				79F8AF112AE1793400302D64 /* Extensions+Date.swift */,
				79F8AF132AE17CD700302D64 /* Extentions+Time.swift */,
			);
			path = Extensions;
			sourceTree = "<group>";
		};
		799B328E2ADD704000710DE1 = {
			isa = PBXGroup;
			children = (
				799B32992ADD704000710DE1 /* Cinema */,
				799B32982ADD704000710DE1 /* Products */,
			);
			sourceTree = "<group>";
		};
		799B32982ADD704000710DE1 /* Products */ = {
			isa = PBXGroup;
			children = (
				799B32972ADD704000710DE1 /* Cinema.app */,
			);
			name = Products;
			sourceTree = "<group>";
		};
		799B32992ADD704000710DE1 /* Cinema */ = {
			isa = PBXGroup;
			children = (
				7908342B2AFBF31F002A1D34 /* ViewRepresentable */,
				79F8AF282AE93A1000302D64 /* Style */,
				7943B2F02AE16A46001F367A /* Extensions */,
				7943B2ED2AE15785001F367A /* Constans */,
				799B32BA2AE00A2E00710DE1 /* Info.plist */,
				799B32AC2ADE950100710DE1 /* Networking */,
				799B32AF2ADED69A00710DE1 /* Components */,
				799B329A2ADD704000710DE1 /* CinemaApp.swift */,
				799B329E2ADD704400710DE1 /* Assets.xcassets */,
				799B32A02ADD704400710DE1 /* Preview Content */,
			);
			path = Cinema;
			sourceTree = "<group>";
		};
		799B32A02ADD704400710DE1 /* Preview Content */ = {
			isa = PBXGroup;
			children = (
				799B32A12ADD704400710DE1 /* Preview Assets.xcassets */,
			);
			path = "Preview Content";
			sourceTree = "<group>";
		};
		799B32AC2ADE950100710DE1 /* Networking */ = {
			isa = PBXGroup;
			children = (
				799B32AA2ADE93B400710DE1 /* Cinema.swift */,
				799B32AD2ADEBB6000710DE1 /* NetworkManager.swift */,
				79F8AF1A2AE2BC1F00302D64 /* Actor.swift */,
			);
			path = Networking;
			sourceTree = "<group>";
		};
		799B32AF2ADED69A00710DE1 /* Components */ = {
			isa = PBXGroup;
			children = (
				79F8AF212AE6AB8400302D64 /* Home */,
				79F8AF1C2AE2BCB200302D64 /* ActorDetails */,
				79F8AF0E2AE175C200302D64 /* Upcoming */,
				799B32B02ADED6AA00710DE1 /* MovieDetails */,
			);
			path = Components;
			sourceTree = "<group>";
		};
		799B32B02ADED6AA00710DE1 /* MovieDetails */ = {
			isa = PBXGroup;
			children = (
				799B32B32ADFE94800710DE1 /* MovieDetailsView.swift */,
				799B32B82AE0024500710DE1 /* MovieDetailsViewModel.swift */,
				790834292AFBA4EC002A1D34 /* RaitingView.swift */,
			);
			path = MovieDetails;
			sourceTree = "<group>";
		};
		79F8AF0E2AE175C200302D64 /* Upcoming */ = {
			isa = PBXGroup;
			children = (
				799B329C2ADD704000710DE1 /* UpcomingView.swift */,
				799B32B12ADED6D800710DE1 /* UpcomingViewModel.swift */,
			);
			path = Upcoming;
			sourceTree = "<group>";
		};
		79F8AF1C2AE2BCB200302D64 /* ActorDetails */ = {
			isa = PBXGroup;
			children = (
				79F8AF1D2AE2BCCB00302D64 /* ActorDetailsView.swift */,
				79F8AF1F2AE2BCE300302D64 /* ActorDetailsViewModel.swift */,
				79F8AF2A2AEA9C1F00302D64 /* ImageView.swift */,
			);
			path = ActorDetails;
			sourceTree = "<group>";
		};
		79F8AF212AE6AB8400302D64 /* Home */ = {
			isa = PBXGroup;
			children = (
				79F8AF222AE6AB9D00302D64 /* HomeView.swift */,
				79F8AF242AE6AD2C00302D64 /* HomeViewModel.swift */,
			);
			path = Home;
			sourceTree = "<group>";
		};
		79F8AF282AE93A1000302D64 /* Style */ = {
			isa = PBXGroup;
			children = (
				79F8AF262AE939A000302D64 /* Colors.swift */,
			);
			path = Style;
			sourceTree = "<group>";
		};
/* End PBXGroup section */

/* Begin PBXNativeTarget section */
		799B32962ADD704000710DE1 /* Cinema */ = {
			isa = PBXNativeTarget;
			buildConfigurationList = 799B32A52ADD704400710DE1 /* Build configuration list for PBXNativeTarget "Cinema" */;
			buildPhases = (
				799B32932ADD704000710DE1 /* Sources */,
				799B32942ADD704000710DE1 /* Frameworks */,
				799B32952ADD704000710DE1 /* Resources */,
			);
			buildRules = (
			);
			dependencies = (
			);
			name = Cinema;
			packageProductDependencies = (
				799B32B62ADFEBB600710DE1 /* Kingfisher */,
				7943B2EB2AE151E3001F367A /* YouTubePlayerKit */,
				79F8AF2D2AEFFB8D00302D64 /* CombineMoya */,
				79F8AF2F2AEFFB8D00302D64 /* Moya */,
				79F8AF312AEFFB8D00302D64 /* ReactiveMoya */,
				79F8AF332AEFFB8D00302D64 /* RxMoya */,
			);
			productName = Cinema;
			productReference = 799B32972ADD704000710DE1 /* Cinema.app */;
			productType = "com.apple.product-type.application";
		};
/* End PBXNativeTarget section */

/* Begin PBXProject section */
		799B328F2ADD704000710DE1 /* Project object */ = {
			isa = PBXProject;
			attributes = {
				BuildIndependentTargetsInParallel = 1;
				LastSwiftUpdateCheck = 1430;
				LastUpgradeCheck = 1430;
				TargetAttributes = {
					799B32962ADD704000710DE1 = {
						CreatedOnToolsVersion = 14.3.1;
					};
				};
			};
			buildConfigurationList = 799B32922ADD704000710DE1 /* Build configuration list for PBXProject "Cinema" */;
			compatibilityVersion = "Xcode 14.0";
			developmentRegion = en;
			hasScannedForEncodings = 0;
			knownRegions = (
				en,
				Base,
			);
			mainGroup = 799B328E2ADD704000710DE1;
			packageReferences = (
				799B32B52ADFEBB600710DE1 /* XCRemoteSwiftPackageReference "Kingfisher" */,
				7943B2EA2AE151E3001F367A /* XCRemoteSwiftPackageReference "YouTubePlayerKit" */,
				79F8AF2C2AEFFB8D00302D64 /* XCRemoteSwiftPackageReference "Moya" */,
			);
			productRefGroup = 799B32982ADD704000710DE1 /* Products */;
			projectDirPath = "";
			projectRoot = "";
			targets = (
				799B32962ADD704000710DE1 /* Cinema */,
			);
		};
/* End PBXProject section */

/* Begin PBXResourcesBuildPhase section */
		799B32952ADD704000710DE1 /* Resources */ = {
			isa = PBXResourcesBuildPhase;
			buildActionMask = 2147483647;
			files = (
				799B32A22ADD704400710DE1 /* Preview Assets.xcassets in Resources */,
				799B329F2ADD704400710DE1 /* Assets.xcassets in Resources */,
			);
			runOnlyForDeploymentPostprocessing = 0;
		};
/* End PBXResourcesBuildPhase section */

/* Begin PBXSourcesBuildPhase section */
		799B32932ADD704000710DE1 /* Sources */ = {
			isa = PBXSourcesBuildPhase;
			buildActionMask = 2147483647;
			files = (
				799B32B92AE0024500710DE1 /* MovieDetailsViewModel.swift in Sources */,
				79F8AF252AE6AD2C00302D64 /* HomeViewModel.swift in Sources */,
				7908342A2AFBA4EC002A1D34 /* RaitingView.swift in Sources */,
				799B32B42ADFE94800710DE1 /* MovieDetailsView.swift in Sources */,
				7943B2EF2AE157A5001F367A /* Constans.swift in Sources */,
				7908342D2AFBF342002A1D34 /* VisualEffectView.swift in Sources */,
				79F8AF1B2AE2BC1F00302D64 /* Actor.swift in Sources */,
				79F8AF232AE6AB9D00302D64 /* HomeView.swift in Sources */,
				79F8AF2B2AEA9C1F00302D64 /* ImageView.swift in Sources */,
				799B32AE2ADEBB6000710DE1 /* NetworkManager.swift in Sources */,
				799B32AB2ADE93B400710DE1 /* Cinema.swift in Sources */,
				79F8AF1E2AE2BCCB00302D64 /* ActorDetailsView.swift in Sources */,
				79F8AF202AE2BCE300302D64 /* ActorDetailsViewModel.swift in Sources */,
				79F8AF272AE939A000302D64 /* Colors.swift in Sources */,
				79F8AF122AE1793400302D64 /* Extensions+Date.swift in Sources */,
				7943B2F22AE16A84001F367A /* Extensions+Double.swift in Sources */,
				79F8AF142AE17CD700302D64 /* Extentions+Time.swift in Sources */,
				799B329D2ADD704000710DE1 /* UpcomingView.swift in Sources */,
				799B329B2ADD704000710DE1 /* CinemaApp.swift in Sources */,
				799B32B22ADED6D800710DE1 /* UpcomingViewModel.swift in Sources */,
			);
			runOnlyForDeploymentPostprocessing = 0;
		};
/* End PBXSourcesBuildPhase section */

/* Begin XCBuildConfiguration section */
		799B32A32ADD704400710DE1 /* Debug */ = {
			isa = XCBuildConfiguration;
			buildSettings = {
				ALWAYS_SEARCH_USER_PATHS = NO;
				CLANG_ANALYZER_NONNULL = YES;
				CLANG_ANALYZER_NUMBER_OBJECT_CONVERSION = YES_AGGRESSIVE;
				CLANG_CXX_LANGUAGE_STANDARD = "gnu++20";
				CLANG_ENABLE_MODULES = YES;
				CLANG_ENABLE_OBJC_ARC = YES;
				CLANG_ENABLE_OBJC_WEAK = YES;
				CLANG_WARN_BLOCK_CAPTURE_AUTORELEASING = YES;
				CLANG_WARN_BOOL_CONVERSION = YES;
				CLANG_WARN_COMMA = YES;
				CLANG_WARN_CONSTANT_CONVERSION = YES;
				CLANG_WARN_DEPRECATED_OBJC_IMPLEMENTATIONS = YES;
				CLANG_WARN_DIRECT_OBJC_ISA_USAGE = YES_ERROR;
				CLANG_WARN_DOCUMENTATION_COMMENTS = YES;
				CLANG_WARN_EMPTY_BODY = YES;
				CLANG_WARN_ENUM_CONVERSION = YES;
				CLANG_WARN_INFINITE_RECURSION = YES;
				CLANG_WARN_INT_CONVERSION = YES;
				CLANG_WARN_NON_LITERAL_NULL_CONVERSION = YES;
				CLANG_WARN_OBJC_IMPLICIT_RETAIN_SELF = YES;
				CLANG_WARN_OBJC_LITERAL_CONVERSION = YES;
				CLANG_WARN_OBJC_ROOT_CLASS = YES_ERROR;
				CLANG_WARN_QUOTED_INCLUDE_IN_FRAMEWORK_HEADER = YES;
				CLANG_WARN_RANGE_LOOP_ANALYSIS = YES;
				CLANG_WARN_STRICT_PROTOTYPES = YES;
				CLANG_WARN_SUSPICIOUS_MOVE = YES;
				CLANG_WARN_UNGUARDED_AVAILABILITY = YES_AGGRESSIVE;
				CLANG_WARN_UNREACHABLE_CODE = YES;
				CLANG_WARN__DUPLICATE_METHOD_MATCH = YES;
				COPY_PHASE_STRIP = NO;
				DEBUG_INFORMATION_FORMAT = dwarf;
				ENABLE_STRICT_OBJC_MSGSEND = YES;
				ENABLE_TESTABILITY = YES;
				GCC_C_LANGUAGE_STANDARD = gnu11;
				GCC_DYNAMIC_NO_PIC = NO;
				GCC_NO_COMMON_BLOCKS = YES;
				GCC_OPTIMIZATION_LEVEL = 0;
				GCC_PREPROCESSOR_DEFINITIONS = (
					"DEBUG=1",
					"$(inherited)",
				);
				GCC_WARN_64_TO_32_BIT_CONVERSION = YES;
				GCC_WARN_ABOUT_RETURN_TYPE = YES_ERROR;
				GCC_WARN_UNDECLARED_SELECTOR = YES;
				GCC_WARN_UNINITIALIZED_AUTOS = YES_AGGRESSIVE;
				GCC_WARN_UNUSED_FUNCTION = YES;
				GCC_WARN_UNUSED_VARIABLE = YES;
				IPHONEOS_DEPLOYMENT_TARGET = 16.4;
				MTL_ENABLE_DEBUG_INFO = INCLUDE_SOURCE;
				MTL_FAST_MATH = YES;
				ONLY_ACTIVE_ARCH = YES;
				SDKROOT = iphoneos;
				SWIFT_ACTIVE_COMPILATION_CONDITIONS = DEBUG;
				SWIFT_OPTIMIZATION_LEVEL = "-Onone";
			};
			name = Debug;
		};
		799B32A42ADD704400710DE1 /* Release */ = {
			isa = XCBuildConfiguration;
			buildSettings = {
				ALWAYS_SEARCH_USER_PATHS = NO;
				CLANG_ANALYZER_NONNULL = YES;
				CLANG_ANALYZER_NUMBER_OBJECT_CONVERSION = YES_AGGRESSIVE;
				CLANG_CXX_LANGUAGE_STANDARD = "gnu++20";
				CLANG_ENABLE_MODULES = YES;
				CLANG_ENABLE_OBJC_ARC = YES;
				CLANG_ENABLE_OBJC_WEAK = YES;
				CLANG_WARN_BLOCK_CAPTURE_AUTORELEASING = YES;
				CLANG_WARN_BOOL_CONVERSION = YES;
				CLANG_WARN_COMMA = YES;
				CLANG_WARN_CONSTANT_CONVERSION = YES;
				CLANG_WARN_DEPRECATED_OBJC_IMPLEMENTATIONS = YES;
				CLANG_WARN_DIRECT_OBJC_ISA_USAGE = YES_ERROR;
				CLANG_WARN_DOCUMENTATION_COMMENTS = YES;
				CLANG_WARN_EMPTY_BODY = YES;
				CLANG_WARN_ENUM_CONVERSION = YES;
				CLANG_WARN_INFINITE_RECURSION = YES;
				CLANG_WARN_INT_CONVERSION = YES;
				CLANG_WARN_NON_LITERAL_NULL_CONVERSION = YES;
				CLANG_WARN_OBJC_IMPLICIT_RETAIN_SELF = YES;
				CLANG_WARN_OBJC_LITERAL_CONVERSION = YES;
				CLANG_WARN_OBJC_ROOT_CLASS = YES_ERROR;
				CLANG_WARN_QUOTED_INCLUDE_IN_FRAMEWORK_HEADER = YES;
				CLANG_WARN_RANGE_LOOP_ANALYSIS = YES;
				CLANG_WARN_STRICT_PROTOTYPES = YES;
				CLANG_WARN_SUSPICIOUS_MOVE = YES;
				CLANG_WARN_UNGUARDED_AVAILABILITY = YES_AGGRESSIVE;
				CLANG_WARN_UNREACHABLE_CODE = YES;
				CLANG_WARN__DUPLICATE_METHOD_MATCH = YES;
				COPY_PHASE_STRIP = NO;
				DEBUG_INFORMATION_FORMAT = "dwarf-with-dsym";
				ENABLE_NS_ASSERTIONS = NO;
				ENABLE_STRICT_OBJC_MSGSEND = YES;
				GCC_C_LANGUAGE_STANDARD = gnu11;
				GCC_NO_COMMON_BLOCKS = YES;
				GCC_WARN_64_TO_32_BIT_CONVERSION = YES;
				GCC_WARN_ABOUT_RETURN_TYPE = YES_ERROR;
				GCC_WARN_UNDECLARED_SELECTOR = YES;
				GCC_WARN_UNINITIALIZED_AUTOS = YES_AGGRESSIVE;
				GCC_WARN_UNUSED_FUNCTION = YES;
				GCC_WARN_UNUSED_VARIABLE = YES;
				IPHONEOS_DEPLOYMENT_TARGET = 16.4;
				MTL_ENABLE_DEBUG_INFO = NO;
				MTL_FAST_MATH = YES;
				SDKROOT = iphoneos;
				SWIFT_COMPILATION_MODE = wholemodule;
				SWIFT_OPTIMIZATION_LEVEL = "-O";
				VALIDATE_PRODUCT = YES;
			};
			name = Release;
		};
		799B32A62ADD704400710DE1 /* Debug */ = {
			isa = XCBuildConfiguration;
			buildSettings = {
				ASSETCATALOG_COMPILER_APPICON_NAME = AppIcon;
				ASSETCATALOG_COMPILER_GLOBAL_ACCENT_COLOR_NAME = AccentColor;
				CODE_SIGN_STYLE = Automatic;
				CURRENT_PROJECT_VERSION = 1;
				DEVELOPMENT_ASSET_PATHS = "\"Cinema/Preview Content\"";
				ENABLE_PREVIEWS = YES;
				GENERATE_INFOPLIST_FILE = YES;
				INFOPLIST_FILE = Cinema/Info.plist;
				INFOPLIST_KEY_LSApplicationCategoryType = "";
				INFOPLIST_KEY_UIApplicationSceneManifest_Generation = YES;
				INFOPLIST_KEY_UIApplicationSupportsIndirectInputEvents = YES;
				INFOPLIST_KEY_UILaunchScreen_Generation = YES;
				INFOPLIST_KEY_UISupportedInterfaceOrientations_iPad = "UIInterfaceOrientationPortrait UIInterfaceOrientationPortraitUpsideDown UIInterfaceOrientationLandscapeLeft UIInterfaceOrientationLandscapeRight";
				INFOPLIST_KEY_UISupportedInterfaceOrientations_iPhone = "UIInterfaceOrientationPortrait UIInterfaceOrientationLandscapeLeft UIInterfaceOrientationLandscapeRight";
				LD_RUNPATH_SEARCH_PATHS = (
					"$(inherited)",
					"@executable_path/Frameworks",
				);
				MARKETING_VERSION = 1.0;
				PRODUCT_BUNDLE_IDENTIFIER = "vlas.lvv-gmail.com.Cinema";
				PRODUCT_NAME = "$(TARGET_NAME)";
				SWIFT_EMIT_LOC_STRINGS = YES;
				SWIFT_VERSION = 5.0;
				TARGETED_DEVICE_FAMILY = "1,2";
			};
			name = Debug;
		};
		799B32A72ADD704400710DE1 /* Release */ = {
			isa = XCBuildConfiguration;
			buildSettings = {
				ASSETCATALOG_COMPILER_APPICON_NAME = AppIcon;
				ASSETCATALOG_COMPILER_GLOBAL_ACCENT_COLOR_NAME = AccentColor;
				CODE_SIGN_STYLE = Automatic;
				CURRENT_PROJECT_VERSION = 1;
				DEVELOPMENT_ASSET_PATHS = "\"Cinema/Preview Content\"";
				ENABLE_PREVIEWS = YES;
				GENERATE_INFOPLIST_FILE = YES;
				INFOPLIST_FILE = Cinema/Info.plist;
				INFOPLIST_KEY_LSApplicationCategoryType = "";
				INFOPLIST_KEY_UIApplicationSceneManifest_Generation = YES;
				INFOPLIST_KEY_UIApplicationSupportsIndirectInputEvents = YES;
				INFOPLIST_KEY_UILaunchScreen_Generation = YES;
				INFOPLIST_KEY_UISupportedInterfaceOrientations_iPad = "UIInterfaceOrientationPortrait UIInterfaceOrientationPortraitUpsideDown UIInterfaceOrientationLandscapeLeft UIInterfaceOrientationLandscapeRight";
				INFOPLIST_KEY_UISupportedInterfaceOrientations_iPhone = "UIInterfaceOrientationPortrait UIInterfaceOrientationLandscapeLeft UIInterfaceOrientationLandscapeRight";
				LD_RUNPATH_SEARCH_PATHS = (
					"$(inherited)",
					"@executable_path/Frameworks",
				);
				MARKETING_VERSION = 1.0;
				PRODUCT_BUNDLE_IDENTIFIER = "vlas.lvv-gmail.com.Cinema";
				PRODUCT_NAME = "$(TARGET_NAME)";
				SWIFT_EMIT_LOC_STRINGS = YES;
				SWIFT_VERSION = 5.0;
				TARGETED_DEVICE_FAMILY = "1,2";
			};
			name = Release;
		};
/* End XCBuildConfiguration section */

/* Begin XCConfigurationList section */
		799B32922ADD704000710DE1 /* Build configuration list for PBXProject "Cinema" */ = {
			isa = XCConfigurationList;
			buildConfigurations = (
				799B32A32ADD704400710DE1 /* Debug */,
				799B32A42ADD704400710DE1 /* Release */,
			);
			defaultConfigurationIsVisible = 0;
			defaultConfigurationName = Release;
		};
		799B32A52ADD704400710DE1 /* Build configuration list for PBXNativeTarget "Cinema" */ = {
			isa = XCConfigurationList;
			buildConfigurations = (
				799B32A62ADD704400710DE1 /* Debug */,
				799B32A72ADD704400710DE1 /* Release */,
			);
			defaultConfigurationIsVisible = 0;
			defaultConfigurationName = Release;
		};
/* End XCConfigurationList section */

/* Begin XCRemoteSwiftPackageReference section */
		7943B2EA2AE151E3001F367A /* XCRemoteSwiftPackageReference "YouTubePlayerKit" */ = {
			isa = XCRemoteSwiftPackageReference;
			repositoryURL = "https://github.com/SvenTiigi/YouTubePlayerKit#youtubeplayerkit";
			requirement = {
				kind = upToNextMajorVersion;
				minimumVersion = 1.0.0;
			};
		};
		799B32B52ADFEBB600710DE1 /* XCRemoteSwiftPackageReference "Kingfisher" */ = {
			isa = XCRemoteSwiftPackageReference;
			repositoryURL = "https://github.com/onevcat/Kingfisher.git";
			requirement = {
				kind = upToNextMajorVersion;
				minimumVersion = 7.0.0;
			};
		};
		79F8AF2C2AEFFB8D00302D64 /* XCRemoteSwiftPackageReference "Moya" */ = {
			isa = XCRemoteSwiftPackageReference;
			repositoryURL = "https://github.com/Moya/Moya.git";
			requirement = {
				kind = upToNextMajorVersion;
				minimumVersion = 15.0.0;
			};
		};
/* End XCRemoteSwiftPackageReference section */

/* Begin XCSwiftPackageProductDependency section */
		7943B2EB2AE151E3001F367A /* YouTubePlayerKit */ = {
			isa = XCSwiftPackageProductDependency;
			package = 7943B2EA2AE151E3001F367A /* XCRemoteSwiftPackageReference "YouTubePlayerKit" */;
			productName = YouTubePlayerKit;
		};
		799B32B62ADFEBB600710DE1 /* Kingfisher */ = {
			isa = XCSwiftPackageProductDependency;
			package = 799B32B52ADFEBB600710DE1 /* XCRemoteSwiftPackageReference "Kingfisher" */;
			productName = Kingfisher;
		};
		79F8AF2D2AEFFB8D00302D64 /* CombineMoya */ = {
			isa = XCSwiftPackageProductDependency;
			package = 79F8AF2C2AEFFB8D00302D64 /* XCRemoteSwiftPackageReference "Moya" */;
			productName = CombineMoya;
		};
		79F8AF2F2AEFFB8D00302D64 /* Moya */ = {
			isa = XCSwiftPackageProductDependency;
			package = 79F8AF2C2AEFFB8D00302D64 /* XCRemoteSwiftPackageReference "Moya" */;
			productName = Moya;
		};
		79F8AF312AEFFB8D00302D64 /* ReactiveMoya */ = {
			isa = XCSwiftPackageProductDependency;
			package = 79F8AF2C2AEFFB8D00302D64 /* XCRemoteSwiftPackageReference "Moya" */;
			productName = ReactiveMoya;
		};
		79F8AF332AEFFB8D00302D64 /* RxMoya */ = {
			isa = XCSwiftPackageProductDependency;
			package = 79F8AF2C2AEFFB8D00302D64 /* XCRemoteSwiftPackageReference "Moya" */;
			productName = RxMoya;
		};
/* End XCSwiftPackageProductDependency section */
	};
	rootObject = 799B328F2ADD704000710DE1 /* Project object */;
}
